PODS:
  - Alamofire (4.7.1)
  - MANetWork (0.1.5):
    - Alamofire
    - MANetWork/Rx (= 0.1.5)
    - SwiftyJSON
  - MANetWork/Rx (0.1.5):
    - Alamofire
    - RxSwift
    - SVProgressHUD
    - SwiftyJSON
  - RxSwift (4.1.2)
  - SVProgressHUD (2.2.5)
  - SwiftyJSON (4.0.0)

DEPENDENCIES:
  - MANetWork (from `.`)

EXTERNAL SOURCES:
  MANetWork:
    :path: .

SPEC CHECKSUMS:
  Alamofire: 68d7d521118d49c615a8d2214d87cdf525599d30
  MANetWork: 560260e8b4bea679cdbb006cfeb63cf8fa1628d7
  RxSwift: e49536837d9901277638493ea537394d4b55f570
  SVProgressHUD: 1428aafac632c1f86f62aa4243ec12008d7a51d6
  SwiftyJSON: 070dabdcb1beb81b247c65ffa3a79dbbfb3b48aa

PODFILE CHECKSUM: d41edf64dafc50515f597f3d671f635a078f852a

COCOAPODS: 1.4.0
