PODS:
  - Alamofire (4.8.2)
  - MANetWork (0.1.8):
    - Alamofire
    - MANetWork/Rx (= 0.1.8)
    - SwiftyJSON
  - MANetWork/Rx (0.1.8):
    - Alamofire
    - RxSwift
    - SVProgressHUD
    - SwiftyJSON
  - RxSwift (4.5.0)
  - SVProgressHUD (2.2.5)
  - SwiftyJSON (4.3.0)

DEPENDENCIES:
  - MANetWork (from `.`)

SPEC REPOS:
  https://github.com/cocoapods/specs.git:
    - Alamofire
    - RxSwift
    - SVProgressHUD
    - SwiftyJSON

EXTERNAL SOURCES:
  MANetWork:
    :path: "."

SPEC CHECKSUMS:
  Alamofire: ae5c501addb7afdbb13687d7f2f722c78734c2d3
  MANetWork: 717f2a29cbcd2ec713a47a4f7993430cd3ef914b
  RxSwift: f172070dfd1a93d70a9ab97a5a01166206e1c575
  SVProgressHUD: 1428aafac632c1f86f62aa4243ec12008d7a51d6
  SwiftyJSON: 6faa0040f8b59dead0ee07436cbf76b73c08fd08

PODFILE CHECKSUM: d41edf64dafc50515f597f3d671f635a078f852a

COCOAPODS: 1.6.1
