// !$*UTF8*$!
{
	archiveVersion = 1;
	classes = {
	};
	objectVersion = 50;
	objects = {

/* Begin PBXBuildFile section */
		030A98CBBEA6FD08BF17FB6F /* Pods_MANetWorkDemo.framework in Frameworks */ = {isa = PBXBuildFile; fileRef = F48283F95CDE15E3BCB0ACB6 /* Pods_MANetWorkDemo.framework */; };
		84272D6420B6631C00467733 /* AppDelegate.swift in Sources */ = {isa = PBXBuildFile; fileRef = 84272D6320B6631C00467733 /* AppDelegate.swift */; };
		84272D6620B6631C00467733 /* ViewController.swift in Sources */ = {isa = PBXBuildFile; fileRef = 84272D6520B6631C00467733 /* ViewController.swift */; };
		84272D6920B6631C00467733 /* Main.storyboard in Resources */ = {isa = PBXBuildFile; fileRef = 84272D6720B6631C00467733 /* Main.storyboard */; };
		84272D6B20B6631D00467733 /* Assets.xcassets in Resources */ = {isa = PBXBuildFile; fileRef = 84272D6A20B6631D00467733 /* Assets.xcassets */; };
		84272D6E20B6631D00467733 /* LaunchScreen.storyboard in Resources */ = {isa = PBXBuildFile; fileRef = 84272D6C20B6631D00467733 /* LaunchScreen.storyboard */; };
		84272D7620B663D300467733 /* ApiRouter.swift in Sources */ = {isa = PBXBuildFile; fileRef = 84272D7520B663D300467733 /* ApiRouter.swift */; };
/* End PBXBuildFile section */

/* Begin PBXFileReference section */
		675D5155CC4466ECFD2455C1 /* Pods-MANetWorkDemo.release.xcconfig */ = {isa = PBXFileReference; includeInIndex = 1; lastKnownFileType = text.xcconfig; name = "Pods-MANetWorkDemo.release.xcconfig"; path = "Pods/Target Support Files/Pods-MANetWorkDemo/Pods-MANetWorkDemo.release.xcconfig"; sourceTree = "<group>"; };
		79B3E982A35DB2B6B34E726A /* Pods-MANetWorkDemo.debug.xcconfig */ = {isa = PBXFileReference; includeInIndex = 1; lastKnownFileType = text.xcconfig; name = "Pods-MANetWorkDemo.debug.xcconfig"; path = "Pods/Target Support Files/Pods-MANetWorkDemo/Pods-MANetWorkDemo.debug.xcconfig"; sourceTree = "<group>"; };
		84272D6020B6631C00467733 /* MANetWorkDemo.app */ = {isa = PBXFileReference; explicitFileType = wrapper.application; includeInIndex = 0; path = MANetWorkDemo.app; sourceTree = BUILT_PRODUCTS_DIR; };
		84272D6320B6631C00467733 /* AppDelegate.swift */ = {isa = PBXFileReference; lastKnownFileType = sourcecode.swift; path = AppDelegate.swift; sourceTree = "<group>"; };
		84272D6520B6631C00467733 /* ViewController.swift */ = {isa = PBXFileReference; lastKnownFileType = sourcecode.swift; path = ViewController.swift; sourceTree = "<group>"; };
		84272D6820B6631C00467733 /* Base */ = {isa = PBXFileReference; lastKnownFileType = file.storyboard; name = Base; path = Base.lproj/Main.storyboard; sourceTree = "<group>"; };
		84272D6A20B6631D00467733 /* Assets.xcassets */ = {isa = PBXFileReference; lastKnownFileType = folder.assetcatalog; path = Assets.xcassets; sourceTree = "<group>"; };
		84272D6D20B6631D00467733 /* Base */ = {isa = PBXFileReference; lastKnownFileType = file.storyboard; name = Base; path = Base.lproj/LaunchScreen.storyboard; sourceTree = "<group>"; };
		84272D6F20B6631D00467733 /* Info.plist */ = {isa = PBXFileReference; lastKnownFileType = text.plist.xml; path = Info.plist; sourceTree = "<group>"; };
		84272D7520B663D300467733 /* ApiRouter.swift */ = {isa = PBXFileReference; fileEncoding = 4; lastKnownFileType = sourcecode.swift; path = ApiRouter.swift; sourceTree = "<group>"; };
		84272D9520B66AF200467733 /* MANetWork.podspec */ = {isa = PBXFileReference; fileEncoding = 4; lastKnownFileType = text; path = MANetWork.podspec; sourceTree = "<group>"; };
		F48283F95CDE15E3BCB0ACB6 /* Pods_MANetWorkDemo.framework */ = {isa = PBXFileReference; explicitFileType = wrapper.framework; includeInIndex = 0; path = Pods_MANetWorkDemo.framework; sourceTree = BUILT_PRODUCTS_DIR; };
/* End PBXFileReference section */

/* Begin PBXFrameworksBuildPhase section */
		84272D5D20B6631C00467733 /* Frameworks */ = {
			isa = PBXFrameworksBuildPhase;
			buildActionMask = 2147483647;
			files = (
				030A98CBBEA6FD08BF17FB6F /* Pods_MANetWorkDemo.framework in Frameworks */,
			);
			runOnlyForDeploymentPostprocessing = 0;
		};
/* End PBXFrameworksBuildPhase section */

/* Begin PBXGroup section */
		84272D5720B6631C00467733 = {
			isa = PBXGroup;
			children = (
				84272D9520B66AF200467733 /* MANetWork.podspec */,
				84272D6220B6631C00467733 /* MANetWorkDemo */,
				84272D6120B6631C00467733 /* Products */,
				C3E0ECD9063795637925FB74 /* Pods */,
				E66D10F183E72FF64C75F412 /* Frameworks */,
			);
			sourceTree = "<group>";
		};
		84272D6120B6631C00467733 /* Products */ = {
			isa = PBXGroup;
			children = (
				84272D6020B6631C00467733 /* MANetWorkDemo.app */,
			);
			name = Products;
			sourceTree = "<group>";
		};
		84272D6220B6631C00467733 /* MANetWorkDemo */ = {
			isa = PBXGroup;
			children = (
				84272D6320B6631C00467733 /* AppDelegate.swift */,
				84272D6520B6631C00467733 /* ViewController.swift */,
				84272D7520B663D300467733 /* ApiRouter.swift */,
				84272D6720B6631C00467733 /* Main.storyboard */,
				84272D6A20B6631D00467733 /* Assets.xcassets */,
				84272D6C20B6631D00467733 /* LaunchScreen.storyboard */,
				84272D6F20B6631D00467733 /* Info.plist */,
			);
			path = MANetWorkDemo;
			sourceTree = "<group>";
		};
		C3E0ECD9063795637925FB74 /* Pods */ = {
			isa = PBXGroup;
			children = (
				79B3E982A35DB2B6B34E726A /* Pods-MANetWorkDemo.debug.xcconfig */,
				675D5155CC4466ECFD2455C1 /* Pods-MANetWorkDemo.release.xcconfig */,
			);
			name = Pods;
			sourceTree = "<group>";
		};
		E66D10F183E72FF64C75F412 /* Frameworks */ = {
			isa = PBXGroup;
			children = (
				F48283F95CDE15E3BCB0ACB6 /* Pods_MANetWorkDemo.framework */,
			);
			name = Frameworks;
			sourceTree = "<group>";
		};
/* End PBXGroup section */

/* Begin PBXNativeTarget section */
		84272D5F20B6631C00467733 /* MANetWorkDemo */ = {
			isa = PBXNativeTarget;
			buildConfigurationList = 84272D7220B6631D00467733 /* Build configuration list for PBXNativeTarget "MANetWorkDemo" */;
			buildPhases = (
				838862D6CED1FDDD483082F3 /* [CP] Check Pods Manifest.lock */,
				84272D5C20B6631C00467733 /* Sources */,
				84272D5D20B6631C00467733 /* Frameworks */,
				84272D5E20B6631C00467733 /* Resources */,
				A779269BFCA694CC9EAB3EA3 /* [CP] Embed Pods Frameworks */,
				89624C1BB441122FB95257C7 /* [CP] Copy Pods Resources */,
			);
			buildRules = (
			);
			dependencies = (
			);
			name = MANetWorkDemo;
			productName = MANetWorkDemo;
			productReference = 84272D6020B6631C00467733 /* MANetWorkDemo.app */;
			productType = "com.apple.product-type.application";
		};
/* End PBXNativeTarget section */

/* Begin PBXProject section */
		84272D5820B6631C00467733 /* Project object */ = {
			isa = PBXProject;
			attributes = {
				LastSwiftUpdateCheck = 0930;
				LastUpgradeCheck = 0930;
				ORGANIZATIONNAME = ma;
				TargetAttributes = {
					84272D5F20B6631C00467733 = {
						CreatedOnToolsVersion = 9.3;
					};
				};
			};
			buildConfigurationList = 84272D5B20B6631C00467733 /* Build configuration list for PBXProject "MANetWorkDemo" */;
			compatibilityVersion = "Xcode 9.3";
			developmentRegion = en;
			hasScannedForEncodings = 0;
			knownRegions = (
				en,
				Base,
			);
			mainGroup = 84272D5720B6631C00467733;
			productRefGroup = 84272D6120B6631C00467733 /* Products */;
			projectDirPath = "";
			projectRoot = "";
			targets = (
				84272D5F20B6631C00467733 /* MANetWorkDemo */,
			);
		};
/* End PBXProject section */

/* Begin PBXResourcesBuildPhase section */
		84272D5E20B6631C00467733 /* Resources */ = {
			isa = PBXResourcesBuildPhase;
			buildActionMask = 2147483647;
			files = (
				84272D6E20B6631D00467733 /* LaunchScreen.storyboard in Resources */,
				84272D6B20B6631D00467733 /* Assets.xcassets in Resources */,
				84272D6920B6631C00467733 /* Main.storyboard in Resources */,
			);
			runOnlyForDeploymentPostprocessing = 0;
		};
/* End PBXResourcesBuildPhase section */

/* Begin PBXShellScriptBuildPhase section */
		838862D6CED1FDDD483082F3 /* [CP] Check Pods Manifest.lock */ = {
			isa = PBXShellScriptBuildPhase;
			buildActionMask = 2147483647;
			files = (
			);
			inputPaths = (
				"${PODS_PODFILE_DIR_PATH}/Podfile.lock",
				"${PODS_ROOT}/Manifest.lock",
			);
			name = "[CP] Check Pods Manifest.lock";
			outputPaths = (
				"$(DERIVED_FILE_DIR)/Pods-MANetWorkDemo-checkManifestLockResult.txt",
			);
			runOnlyForDeploymentPostprocessing = 0;
			shellPath = /bin/sh;
			shellScript = "diff \"${PODS_PODFILE_DIR_PATH}/Podfile.lock\" \"${PODS_ROOT}/Manifest.lock\" > /dev/null\nif [ $? != 0 ] ; then\n    # print error to STDERR\n    echo \"error: The sandbox is not in sync with the Podfile.lock. Run 'pod install' or update your CocoaPods installation.\" >&2\n    exit 1\nfi\n# This output is used by Xcode 'outputs' to avoid re-running this script phase.\necho \"SUCCESS\" > \"${SCRIPT_OUTPUT_FILE_0}\"\n";
			showEnvVarsInLog = 0;
		};
		89624C1BB441122FB95257C7 /* [CP] Copy Pods Resources */ = {
			isa = PBXShellScriptBuildPhase;
			buildActionMask = 2147483647;
			files = (
			);
			inputPaths = (
			);
			name = "[CP] Copy Pods Resources";
			outputPaths = (
			);
			runOnlyForDeploymentPostprocessing = 0;
			shellPath = /bin/sh;
			shellScript = "\"${SRCROOT}/Pods/Target Support Files/Pods-MANetWorkDemo/Pods-MANetWorkDemo-resources.sh\"\n";
			showEnvVarsInLog = 0;
		};
		A779269BFCA694CC9EAB3EA3 /* [CP] Embed Pods Frameworks */ = {
			isa = PBXShellScriptBuildPhase;
			buildActionMask = 2147483647;
			files = (
			);
			inputPaths = (
				"${SRCROOT}/Pods/Target Support Files/Pods-MANetWorkDemo/Pods-MANetWorkDemo-frameworks.sh",
				"${BUILT_PRODUCTS_DIR}/Alamofire/Alamofire.framework",
				"${BUILT_PRODUCTS_DIR}/MANetWork/MANetWork.framework",
				"${BUILT_PRODUCTS_DIR}/RxSwift/RxSwift.framework",
				"${BUILT_PRODUCTS_DIR}/SVProgressHUD/SVProgressHUD.framework",
				"${BUILT_PRODUCTS_DIR}/SwiftyJSON/SwiftyJSON.framework",
			);
			name = "[CP] Embed Pods Frameworks";
			outputPaths = (
				"${TARGET_BUILD_DIR}/${FRAMEWORKS_FOLDER_PATH}/Alamofire.framework",
				"${TARGET_BUILD_DIR}/${FRAMEWORKS_FOLDER_PATH}/MANetWork.framework",
				"${TARGET_BUILD_DIR}/${FRAMEWORKS_FOLDER_PATH}/RxSwift.framework",
				"${TARGET_BUILD_DIR}/${FRAMEWORKS_FOLDER_PATH}/SVProgressHUD.framework",
				"${TARGET_BUILD_DIR}/${FRAMEWORKS_FOLDER_PATH}/SwiftyJSON.framework",
			);
			runOnlyForDeploymentPostprocessing = 0;
			shellPath = /bin/sh;
			shellScript = "\"${SRCROOT}/Pods/Target Support Files/Pods-MANetWorkDemo/Pods-MANetWorkDemo-frameworks.sh\"\n";
			showEnvVarsInLog = 0;
		};
/* End PBXShellScriptBuildPhase section */

/* Begin PBXSourcesBuildPhase section */
		84272D5C20B6631C00467733 /* Sources */ = {
			isa = PBXSourcesBuildPhase;
			buildActionMask = 2147483647;
			files = (
				84272D6620B6631C00467733 /* ViewController.swift in Sources */,
				84272D7620B663D300467733 /* ApiRouter.swift in Sources */,
				84272D6420B6631C00467733 /* AppDelegate.swift in Sources */,
			);
			runOnlyForDeploymentPostprocessing = 0;
		};
/* End PBXSourcesBuildPhase section */

/* Begin PBXVariantGroup section */
		84272D6720B6631C00467733 /* Main.storyboard */ = {
			isa = PBXVariantGroup;
			children = (
				84272D6820B6631C00467733 /* Base */,
			);
			name = Main.storyboard;
			sourceTree = "<group>";
		};
		84272D6C20B6631D00467733 /* LaunchScreen.storyboard */ = {
			isa = PBXVariantGroup;
			children = (
				84272D6D20B6631D00467733 /* Base */,
			);
			name = LaunchScreen.storyboard;
			sourceTree = "<group>";
		};
/* End PBXVariantGroup section */

/* Begin XCBuildConfiguration section */
		84272D7020B6631D00467733 /* Debug */ = {
			isa = XCBuildConfiguration;
			buildSettings = {
				ALWAYS_SEARCH_USER_PATHS = NO;
				CLANG_ANALYZER_NONNULL = YES;
				CLANG_ANALYZER_NUMBER_OBJECT_CONVERSION = YES_AGGRESSIVE;
				CLANG_CXX_LANGUAGE_STANDARD = "gnu++14";
				CLANG_CXX_LIBRARY = "libc++";
				CLANG_ENABLE_MODULES = YES;
				CLANG_ENABLE_OBJC_ARC = YES;
				CLANG_ENABLE_OBJC_WEAK = YES;
				CLANG_WARN_BLOCK_CAPTURE_AUTORELEASING = YES;
				CLANG_WARN_BOOL_CONVERSION = YES;
				CLANG_WARN_COMMA = YES;
				CLANG_WARN_CONSTANT_CONVERSION = YES;
				CLANG_WARN_DEPRECATED_OBJC_IMPLEMENTATIONS = YES;
				CLANG_WARN_DIRECT_OBJC_ISA_USAGE = YES_ERROR;
				CLANG_WARN_DOCUMENTATION_COMMENTS = YES;
				CLANG_WARN_EMPTY_BODY = YES;
				CLANG_WARN_ENUM_CONVERSION = YES;
				CLANG_WARN_INFINITE_RECURSION = YES;
				CLANG_WARN_INT_CONVERSION = YES;
				CLANG_WARN_NON_LITERAL_NULL_CONVERSION = YES;
				CLANG_WARN_OBJC_IMPLICIT_RETAIN_SELF = YES;
				CLANG_WARN_OBJC_LITERAL_CONVERSION = YES;
				CLANG_WARN_OBJC_ROOT_CLASS = YES_ERROR;
				CLANG_WARN_RANGE_LOOP_ANALYSIS = YES;
				CLANG_WARN_STRICT_PROTOTYPES = YES;
				CLANG_WARN_SUSPICIOUS_MOVE = YES;
				CLANG_WARN_UNGUARDED_AVAILABILITY = YES_AGGRESSIVE;
				CLANG_WARN_UNREACHABLE_CODE = YES;
				CLANG_WARN__DUPLICATE_METHOD_MATCH = YES;
				CODE_SIGN_IDENTITY = "iPhone Developer";
				COPY_PHASE_STRIP = NO;
				DEBUG_INFORMATION_FORMAT = dwarf;
				ENABLE_STRICT_OBJC_MSGSEND = YES;
				ENABLE_TESTABILITY = YES;
				GCC_C_LANGUAGE_STANDARD = gnu11;
				GCC_DYNAMIC_NO_PIC = NO;
				GCC_NO_COMMON_BLOCKS = YES;
				GCC_OPTIMIZATION_LEVEL = 0;
				GCC_PREPROCESSOR_DEFINITIONS = (
					"DEBUG=1",
					"$(inherited)",
				);
				GCC_WARN_64_TO_32_BIT_CONVERSION = YES;
				GCC_WARN_ABOUT_RETURN_TYPE = YES_ERROR;
				GCC_WARN_UNDECLARED_SELECTOR = YES;
				GCC_WARN_UNINITIALIZED_AUTOS = YES_AGGRESSIVE;
				GCC_WARN_UNUSED_FUNCTION = YES;
				GCC_WARN_UNUSED_VARIABLE = YES;
				IPHONEOS_DEPLOYMENT_TARGET = 11.3;
				MTL_ENABLE_DEBUG_INFO = YES;
				ONLY_ACTIVE_ARCH = YES;
				SDKROOT = iphoneos;
				SWIFT_ACTIVE_COMPILATION_CONDITIONS = DEBUG;
				SWIFT_OPTIMIZATION_LEVEL = "-Onone";
			};
			name = Debug;
		};
		84272D7120B6631D00467733 /* Release */ = {
			isa = XCBuildConfiguration;
			buildSettings = {
				ALWAYS_SEARCH_USER_PATHS = NO;
				CLANG_ANALYZER_NONNULL = YES;
				CLANG_ANALYZER_NUMBER_OBJECT_CONVERSION = YES_AGGRESSIVE;
				CLANG_CXX_LANGUAGE_STANDARD = "gnu++14";
				CLANG_CXX_LIBRARY = "libc++";
				CLANG_ENABLE_MODULES = YES;
				CLANG_ENABLE_OBJC_ARC = YES;
				CLANG_ENABLE_OBJC_WEAK = YES;
				CLANG_WARN_BLOCK_CAPTURE_AUTORELEASING = YES;
				CLANG_WARN_BOOL_CONVERSION = YES;
				CLANG_WARN_COMMA = YES;
				CLANG_WARN_CONSTANT_CONVERSION = YES;
				CLANG_WARN_DEPRECATED_OBJC_IMPLEMENTATIONS = YES;
				CLANG_WARN_DIRECT_OBJC_ISA_USAGE = YES_ERROR;
				CLANG_WARN_DOCUMENTATION_COMMENTS = YES;
				CLANG_WARN_EMPTY_BODY = YES;
				CLANG_WARN_ENUM_CONVERSION = YES;
				CLANG_WARN_INFINITE_RECURSION = YES;
				CLANG_WARN_INT_CONVERSION = YES;
				CLANG_WARN_NON_LITERAL_NULL_CONVERSION = YES;
				CLANG_WARN_OBJC_IMPLICIT_RETAIN_SELF = YES;
				CLANG_WARN_OBJC_LITERAL_CONVERSION = YES;
				CLANG_WARN_OBJC_ROOT_CLASS = YES_ERROR;
				CLANG_WARN_RANGE_LOOP_ANALYSIS = YES;
				CLANG_WARN_STRICT_PROTOTYPES = YES;
				CLANG_WARN_SUSPICIOUS_MOVE = YES;
				CLANG_WARN_UNGUARDED_AVAILABILITY = YES_AGGRESSIVE;
				CLANG_WARN_UNREACHABLE_CODE = YES;
				CLANG_WARN__DUPLICATE_METHOD_MATCH = YES;
				CODE_SIGN_IDENTITY = "iPhone Developer";
				COPY_PHASE_STRIP = NO;
				DEBUG_INFORMATION_FORMAT = "dwarf-with-dsym";
				ENABLE_NS_ASSERTIONS = NO;
				ENABLE_STRICT_OBJC_MSGSEND = YES;
				GCC_C_LANGUAGE_STANDARD = gnu11;
				GCC_NO_COMMON_BLOCKS = YES;
				GCC_WARN_64_TO_32_BIT_CONVERSION = YES;
				GCC_WARN_ABOUT_RETURN_TYPE = YES_ERROR;
				GCC_WARN_UNDECLARED_SELECTOR = YES;
				GCC_WARN_UNINITIALIZED_AUTOS = YES_AGGRESSIVE;
				GCC_WARN_UNUSED_FUNCTION = YES;
				GCC_WARN_UNUSED_VARIABLE = YES;
				IPHONEOS_DEPLOYMENT_TARGET = 11.3;
				MTL_ENABLE_DEBUG_INFO = NO;
				SDKROOT = iphoneos;
				SWIFT_COMPILATION_MODE = wholemodule;
				SWIFT_OPTIMIZATION_LEVEL = "-O";
				VALIDATE_PRODUCT = YES;
			};
			name = Release;
		};
		84272D7320B6631D00467733 /* Debug */ = {
			isa = XCBuildConfiguration;
			baseConfigurationReference = 79B3E982A35DB2B6B34E726A /* Pods-MANetWorkDemo.debug.xcconfig */;
			buildSettings = {
				ASSETCATALOG_COMPILER_APPICON_NAME = AppIcon;
				CODE_SIGN_STYLE = Automatic;
				INFOPLIST_FILE = MANetWorkDemo/Info.plist;
				LD_RUNPATH_SEARCH_PATHS = (
					"$(inherited)",
					"@executable_path/Frameworks",
				);
				PRODUCT_BUNDLE_IDENTIFIER = com.feng.MANetWorkDemo;
				PRODUCT_NAME = "$(TARGET_NAME)";
				SWIFT_VERSION = 4.0;
				TARGETED_DEVICE_FAMILY = "1,2";
			};
			name = Debug;
		};
		84272D7420B6631D00467733 /* Release */ = {
			isa = XCBuildConfiguration;
			baseConfigurationReference = 675D5155CC4466ECFD2455C1 /* Pods-MANetWorkDemo.release.xcconfig */;
			buildSettings = {
				ASSETCATALOG_COMPILER_APPICON_NAME = AppIcon;
				CODE_SIGN_STYLE = Automatic;
				INFOPLIST_FILE = MANetWorkDemo/Info.plist;
				LD_RUNPATH_SEARCH_PATHS = (
					"$(inherited)",
					"@executable_path/Frameworks",
				);
				PRODUCT_BUNDLE_IDENTIFIER = com.feng.MANetWorkDemo;
				PRODUCT_NAME = "$(TARGET_NAME)";
				SWIFT_VERSION = 4.0;
				TARGETED_DEVICE_FAMILY = "1,2";
			};
			name = Release;
		};
/* End XCBuildConfiguration section */

/* Begin XCConfigurationList section */
		84272D5B20B6631C00467733 /* Build configuration list for PBXProject "MANetWorkDemo" */ = {
			isa = XCConfigurationList;
			buildConfigurations = (
				84272D7020B6631D00467733 /* Debug */,
				84272D7120B6631D00467733 /* Release */,
			);
			defaultConfigurationIsVisible = 0;
			defaultConfigurationName = Release;
		};
		84272D7220B6631D00467733 /* Build configuration list for PBXNativeTarget "MANetWorkDemo" */ = {
			isa = XCConfigurationList;
			buildConfigurations = (
				84272D7320B6631D00467733 /* Debug */,
				84272D7420B6631D00467733 /* Release */,
			);
			defaultConfigurationIsVisible = 0;
			defaultConfigurationName = Release;
		};
/* End XCConfigurationList section */
	};
	rootObject = 84272D5820B6631C00467733 /* Project object */;
}
